
Microsoft Visual Studio Solution File, Format Version 12.00
# Visual Studio Version 17
VisualStudioVersion = 17.0.31903.59
MinimumVisualStudioVersion = 10.0.40219.1
Project("{2150E333-8FDC-42A3-9474-1A3956D46DE8}") = "Domain", "Domain", "{14283B35-ACEE-4FB0-A9A8-D42B77F24990}"
EndProject
Project("{FAE04EC0-301F-11D3-BF4B-00C04F79EFBC}") = "MicroRabbit.Domain.Core", "Domain\MicroRabbit.Domain.Core\MicroRabbit.Domain.Core.csproj", "{2F04DF5D-534B-49C3-B4BF-51B4B7A98936}"
EndProject
Project("{2150E333-8FDC-42A3-9474-1A3956D46DE8}") = "Infra.Bus", "Infra.Bus", "{E89DB626-AD6E-4FB9-890C-03A5520C9068}"
EndProject
Project("{FAE04EC0-301F-11D3-BF4B-00C04F79EFBC}") = "MicroRabbit.Infra.Bus", "Infra.Bus\MicroRabbit.Infra.Bus\MicroRabbit.Infra.Bus.csproj", "{93CBC1E8-A8E4-485F-932C-3E0BA1031B4A}"
EndProject
Project("{2150E333-8FDC-42A3-9474-1A3956D46DE8}") = "Infra.IoC", "Infra.IoC", "{37EF0F07-BCC3-4D1C-931C-8079E6C48DEF}"
EndProject
Project("{FAE04EC0-301F-11D3-BF4B-00C04F79EFBC}") = "MicroRabbit.Infra.IoC", "Infra.IoC\MicroRabbit.Infra.IoC\MicroRabbit.Infra.IoC.csproj", "{CA3F655E-EDC3-48D9-BA39-FD25BA8A82D8}"
EndProject
Project("{2150E333-8FDC-42A3-9474-1A3956D46DE8}") = "Microservices", "Microservices", "{0A11D365-BF37-4D27-AB3C-B0264A148DAC}"
EndProject
Project("{2150E333-8FDC-42A3-9474-1A3956D46DE8}") = "Banking", "Banking", "{71EEB6F9-C40B-4F14-BA2B-F5E9BB691472}"
EndProject
Project("{2150E333-8FDC-42A3-9474-1A3956D46DE8}") = "Api", "Api", "{533AF5A8-26E0-4B84-ABAD-C5B4260ACEFB}"
EndProject
Project("{FAE04EC0-301F-11D3-BF4B-00C04F79EFBC}") = "MicroRabbit.Banking.Api", "Microservices\Banking\Api\MicroRabbit.Banking.Api\MicroRabbit.Banking.Api.csproj", "{9E2283D1-6804-435E-9E04-7ACA24895B6A}"
EndProject
Project("{2150E333-8FDC-42A3-9474-1A3956D46DE8}") = "Application", "Application", "{B5741BF8-F0BB-4F7B-ABC3-E38E55409E9F}"
EndProject
Project("{FAE04EC0-301F-11D3-BF4B-00C04F79EFBC}") = "MicroRabbit.Banking.Application", "Microservices\Banking\Application\MicroRabbit.Banking.Application\MicroRabbit.Banking.Application.csproj", "{C910B5B7-0FFB-43E5-9A34-A5FEB8F6DF14}"
EndProject
Project("{2150E333-8FDC-42A3-9474-1A3956D46DE8}") = "Data", "Data", "{22D6A234-AFAA-4534-B5B4-FA5589399860}"
EndProject
Project("{FAE04EC0-301F-11D3-BF4B-00C04F79EFBC}") = "MicroRabbit.Banking.Data", "Microservices\Banking\Data\MicroRabbit.Banking.Data\MicroRabbit.Banking.Data.csproj", "{0CA58FCE-BF6B-499E-B65C-0C15B33F629B}"
EndProject
Project("{2150E333-8FDC-42A3-9474-1A3956D46DE8}") = "Domain", "Domain", "{0F3EABBC-35B3-47EF-B7E2-8D6A5E0525F9}"
EndProject
Project("{FAE04EC0-301F-11D3-BF4B-00C04F79EFBC}") = "MicroRabbit.Banking.Domain", "Microservices\Banking\Domain\MicroRabbit.Banking.Domain\MicroRabbit.Banking.Domain.csproj", "{03085544-145A-4496-AE69-C74A3E872403}"
EndProject
Project("{2150E333-8FDC-42A3-9474-1A3956D46DE8}") = "Transfer", "Transfer", "{8CEB490D-8A66-4F4A-9E64-BCE42D28ACF5}"
EndProject
Project("{2150E333-8FDC-42A3-9474-1A3956D46DE8}") = "Api", "Api", "{937A883F-B785-49B8-8EE6-C9D038D8A634}"
EndProject
Project("{FAE04EC0-301F-11D3-BF4B-00C04F79EFBC}") = "MicroRabbit.Transfer.Api", "Microservices\Transfer\Api\MicroRabbit.Transfer.Api\MicroRabbit.Transfer.Api.csproj", "{2797C4CB-2795-4FC2-9260-821BA49A6661}"
EndProject
Project("{2150E333-8FDC-42A3-9474-1A3956D46DE8}") = "Application", "Application", "{D8829B70-A336-44B1-9874-9C10710C05E7}"
EndProject
Project("{FAE04EC0-301F-11D3-BF4B-00C04F79EFBC}") = "MicroRabbit.Transfer.Application", "Microservices\Transfer\Application\MicroRabbit.Transfer.Application\MicroRabbit.Transfer.Application.csproj", "{FB154790-F147-4B8F-8A67-B628EB8A25E1}"
EndProject
Project("{2150E333-8FDC-42A3-9474-1A3956D46DE8}") = "Data", "Data", "{BAF4FEA0-DC3F-4C45-89C7-BEB6CBFB09E7}"
EndProject
Project("{FAE04EC0-301F-11D3-BF4B-00C04F79EFBC}") = "MicroRabbit.Transfer.Data", "Microservices\Transfer\Data\MicroRabbit.Transfer.Data\MicroRabbit.Transfer.Data.csproj", "{D06132F0-E8B8-44F1-A769-1C568EB4D3FC}"
EndProject
Project("{2150E333-8FDC-42A3-9474-1A3956D46DE8}") = "Domain", "Domain", "{2A8A53E4-269E-4384-81FC-AC137B16A8B6}"
EndProject
Project("{FAE04EC0-301F-11D3-BF4B-00C04F79EFBC}") = "MicroRabbit.Transfer.Domain", "Microservices\Transfer\Domain\MicroRabbit.Transfer.Domain\MicroRabbit.Transfer.Domain.csproj", "{8014712C-FB17-45C1-AE64-A58942D42FF2}"
EndProject
Global
	GlobalSection(SolutionConfigurationPlatforms) = preSolution
		Debug|Any CPU = Debug|Any CPU
		Release|Any CPU = Release|Any CPU
	EndGlobalSection
	GlobalSection(SolutionProperties) = preSolution
		HideSolutionNode = FALSE
	EndGlobalSection
	GlobalSection(ProjectConfigurationPlatforms) = postSolution
		{2F04DF5D-534B-49C3-B4BF-51B4B7A98936}.Debug|Any CPU.ActiveCfg = Debug|Any CPU
		{2F04DF5D-534B-49C3-B4BF-51B4B7A98936}.Debug|Any CPU.Build.0 = Debug|Any CPU
		{2F04DF5D-534B-49C3-B4BF-51B4B7A98936}.Release|Any CPU.ActiveCfg = Release|Any CPU
		{2F04DF5D-534B-49C3-B4BF-51B4B7A98936}.Release|Any CPU.Build.0 = Release|Any CPU
		{93CBC1E8-A8E4-485F-932C-3E0BA1031B4A}.Debug|Any CPU.ActiveCfg = Debug|Any CPU
		{93CBC1E8-A8E4-485F-932C-3E0BA1031B4A}.Debug|Any CPU.Build.0 = Debug|Any CPU
		{93CBC1E8-A8E4-485F-932C-3E0BA1031B4A}.Release|Any CPU.ActiveCfg = Release|Any CPU
		{93CBC1E8-A8E4-485F-932C-3E0BA1031B4A}.Release|Any CPU.Build.0 = Release|Any CPU
		{CA3F655E-EDC3-48D9-BA39-FD25BA8A82D8}.Debug|Any CPU.ActiveCfg = Debug|Any CPU
		{CA3F655E-EDC3-48D9-BA39-FD25BA8A82D8}.Debug|Any CPU.Build.0 = Debug|Any CPU
		{CA3F655E-EDC3-48D9-BA39-FD25BA8A82D8}.Release|Any CPU.ActiveCfg = Release|Any CPU
		{CA3F655E-EDC3-48D9-BA39-FD25BA8A82D8}.Release|Any CPU.Build.0 = Release|Any CPU
		{9E2283D1-6804-435E-9E04-7ACA24895B6A}.Debug|Any CPU.ActiveCfg = Debug|Any CPU
		{9E2283D1-6804-435E-9E04-7ACA24895B6A}.Debug|Any CPU.Build.0 = Debug|Any CPU
		{9E2283D1-6804-435E-9E04-7ACA24895B6A}.Release|Any CPU.ActiveCfg = Release|Any CPU
		{9E2283D1-6804-435E-9E04-7ACA24895B6A}.Release|Any CPU.Build.0 = Release|Any CPU
		{C910B5B7-0FFB-43E5-9A34-A5FEB8F6DF14}.Debug|Any CPU.ActiveCfg = Debug|Any CPU
		{C910B5B7-0FFB-43E5-9A34-A5FEB8F6DF14}.Debug|Any CPU.Build.0 = Debug|Any CPU
		{C910B5B7-0FFB-43E5-9A34-A5FEB8F6DF14}.Release|Any CPU.ActiveCfg = Release|Any CPU
		{C910B5B7-0FFB-43E5-9A34-A5FEB8F6DF14}.Release|Any CPU.Build.0 = Release|Any CPU
		{0CA58FCE-BF6B-499E-B65C-0C15B33F629B}.Debug|Any CPU.ActiveCfg = Debug|Any CPU
		{0CA58FCE-BF6B-499E-B65C-0C15B33F629B}.Debug|Any CPU.Build.0 = Debug|Any CPU
		{0CA58FCE-BF6B-499E-B65C-0C15B33F629B}.Release|Any CPU.ActiveCfg = Release|Any CPU
		{0CA58FCE-BF6B-499E-B65C-0C15B33F629B}.Release|Any CPU.Build.0 = Release|Any CPU
		{03085544-145A-4496-AE69-C74A3E872403}.Debug|Any CPU.ActiveCfg = Debug|Any CPU
		{03085544-145A-4496-AE69-C74A3E872403}.Debug|Any CPU.Build.0 = Debug|Any CPU
		{03085544-145A-4496-AE69-C74A3E872403}.Release|Any CPU.ActiveCfg = Release|Any CPU
		{03085544-145A-4496-AE69-C74A3E872403}.Release|Any CPU.Build.0 = Release|Any CPU
		{2797C4CB-2795-4FC2-9260-821BA49A6661}.Debug|Any CPU.ActiveCfg = Debug|Any CPU
		{2797C4CB-2795-4FC2-9260-821BA49A6661}.Debug|Any CPU.Build.0 = Debug|Any CPU
		{2797C4CB-2795-4FC2-9260-821BA49A6661}.Release|Any CPU.ActiveCfg = Release|Any CPU
		{2797C4CB-2795-4FC2-9260-821BA49A6661}.Release|Any CPU.Build.0 = Release|Any CPU
		{FB154790-F147-4B8F-8A67-B628EB8A25E1}.Debug|Any CPU.ActiveCfg = Debug|Any CPU
		{FB154790-F147-4B8F-8A67-B628EB8A25E1}.Debug|Any CPU.Build.0 = Debug|Any CPU
		{FB154790-F147-4B8F-8A67-B628EB8A25E1}.Release|Any CPU.ActiveCfg = Release|Any CPU
		{FB154790-F147-4B8F-8A67-B628EB8A25E1}.Release|Any CPU.Build.0 = Release|Any CPU
		{D06132F0-E8B8-44F1-A769-1C568EB4D3FC}.Debug|Any CPU.ActiveCfg = Debug|Any CPU
		{D06132F0-E8B8-44F1-A769-1C568EB4D3FC}.Debug|Any CPU.Build.0 = Debug|Any CPU
		{D06132F0-E8B8-44F1-A769-1C568EB4D3FC}.Release|Any CPU.ActiveCfg = Release|Any CPU
		{D06132F0-E8B8-44F1-A769-1C568EB4D3FC}.Release|Any CPU.Build.0 = Release|Any CPU
		{8014712C-FB17-45C1-AE64-A58942D42FF2}.Debug|Any CPU.ActiveCfg = Debug|Any CPU
		{8014712C-FB17-45C1-AE64-A58942D42FF2}.Debug|Any CPU.Build.0 = Debug|Any CPU
		{8014712C-FB17-45C1-AE64-A58942D42FF2}.Release|Any CPU.ActiveCfg = Release|Any CPU
		{8014712C-FB17-45C1-AE64-A58942D42FF2}.Release|Any CPU.Build.0 = Release|Any CPU
	EndGlobalSection
	GlobalSection(NestedProjects) = preSolution
		{2F04DF5D-534B-49C3-B4BF-51B4B7A98936} = {14283B35-ACEE-4FB0-A9A8-D42B77F24990}
		{93CBC1E8-A8E4-485F-932C-3E0BA1031B4A} = {E89DB626-AD6E-4FB9-890C-03A5520C9068}
		{CA3F655E-EDC3-48D9-BA39-FD25BA8A82D8} = {37EF0F07-BCC3-4D1C-931C-8079E6C48DEF}
		{71EEB6F9-C40B-4F14-BA2B-F5E9BB691472} = {0A11D365-BF37-4D27-AB3C-B0264A148DAC}
		{533AF5A8-26E0-4B84-ABAD-C5B4260ACEFB} = {71EEB6F9-C40B-4F14-BA2B-F5E9BB691472}
		{9E2283D1-6804-435E-9E04-7ACA24895B6A} = {533AF5A8-26E0-4B84-ABAD-C5B4260ACEFB}
		{B5741BF8-F0BB-4F7B-ABC3-E38E55409E9F} = {71EEB6F9-C40B-4F14-BA2B-F5E9BB691472}
		{C910B5B7-0FFB-43E5-9A34-A5FEB8F6DF14} = {B5741BF8-F0BB-4F7B-ABC3-E38E55409E9F}
		{22D6A234-AFAA-4534-B5B4-FA5589399860} = {71EEB6F9-C40B-4F14-BA2B-F5E9BB691472}
		{0CA58FCE-BF6B-499E-B65C-0C15B33F629B} = {22D6A234-AFAA-4534-B5B4-FA5589399860}
		{0F3EABBC-35B3-47EF-B7E2-8D6A5E0525F9} = {71EEB6F9-C40B-4F14-BA2B-F5E9BB691472}
		{03085544-145A-4496-AE69-C74A3E872403} = {0F3EABBC-35B3-47EF-B7E2-8D6A5E0525F9}
		{8CEB490D-8A66-4F4A-9E64-BCE42D28ACF5} = {0A11D365-BF37-4D27-AB3C-B0264A148DAC}
		{937A883F-B785-49B8-8EE6-C9D038D8A634} = {8CEB490D-8A66-4F4A-9E64-BCE42D28ACF5}
		{2797C4CB-2795-4FC2-9260-821BA49A6661} = {937A883F-B785-49B8-8EE6-C9D038D8A634}
		{D8829B70-A336-44B1-9874-9C10710C05E7} = {8CEB490D-8A66-4F4A-9E64-BCE42D28ACF5}
		{FB154790-F147-4B8F-8A67-B628EB8A25E1} = {D8829B70-A336-44B1-9874-9C10710C05E7}
		{BAF4FEA0-DC3F-4C45-89C7-BEB6CBFB09E7} = {8CEB490D-8A66-4F4A-9E64-BCE42D28ACF5}
		{D06132F0-E8B8-44F1-A769-1C568EB4D3FC} = {BAF4FEA0-DC3F-4C45-89C7-BEB6CBFB09E7}
		{2A8A53E4-269E-4384-81FC-AC137B16A8B6} = {8CEB490D-8A66-4F4A-9E64-BCE42D28ACF5}
		{8014712C-FB17-45C1-AE64-A58942D42FF2} = {2A8A53E4-269E-4384-81FC-AC137B16A8B6}
	EndGlobalSection
EndGlobal
