
Microsoft Visual Studio Solution File, Format Version 12.00
# Visual Studio Version 17
VisualStudioVersion = 17.0.31903.59
MinimumVisualStudioVersion = 10.0.40219.1
Project("{2150E333-8FDC-42A3-9474-1A3956D46DE8}") = "Domain", "Domain", "{8C0D2F3F-D935-4931-9AFD-1387809C6608}"
EndProject
Project("{FAE04EC0-301F-11D3-BF4B-00C04F79EFBC}") = "MicroRabbit.Domain.Core", "Domain\MicroRabbit.Domain.Core\MicroRabbit.Domain.Core.csproj", "{487B9325-427B-4AB1-A201-ADBD4E4556F3}"
EndProject
Project("{2150E333-8FDC-42A3-9474-1A3956D46DE8}") = "Infra.Bus", "Infra.Bus", "{EE1A6DD6-871D-41E7-BC0F-4BC1DF4A21F8}"
EndProject
Project("{FAE04EC0-301F-11D3-BF4B-00C04F79EFBC}") = "MicroRabbit.Infra.Bus", "Infra.Bus\MicroRabbit.Infra.Bus\MicroRabbit.Infra.Bus.csproj", "{537BF375-05E0-4F23-93D3-BBDA676D553A}"
EndProject
Project("{2150E333-8FDC-42A3-9474-1A3956D46DE8}") = "Infra.IoC", "Infra.IoC", "{36ED27C0-2134-49C2-87B0-0E34F48435B5}"
EndProject
Project("{FAE04EC0-301F-11D3-BF4B-00C04F79EFBC}") = "MicroRabbit.Infra.IoC", "Infra.IoC\MicroRabbit.Infra.IoC\MicroRabbit.Infra.IoC.csproj", "{B1B11739-A5B8-4980-B35E-C9B045B31556}"
EndProject
Project("{2150E333-8FDC-42A3-9474-1A3956D46DE8}") = "Microservices", "Microservices", "{D40075AF-3533-4AEC-8654-163446BE389C}"
EndProject
Project("{2150E333-8FDC-42A3-9474-1A3956D46DE8}") = "Banking", "Banking", "{267C23EE-B447-44C7-9345-A92B6267BA3C}"
EndProject
Project("{2150E333-8FDC-42A3-9474-1A3956D46DE8}") = "Domain", "Domain", "{5B73467F-303E-4E23-8D03-4BF14A4A51CD}"
EndProject
Project("{FAE04EC0-301F-11D3-BF4B-00C04F79EFBC}") = "MicroRabbit.Banking.Domain", "Microservices\Banking\Domain\MicroRabbit.Banking.Domain\MicroRabbit.Banking.Domain.csproj", "{4872336C-C00F-4A72-B388-EC1520327839}"
EndProject
Project("{2150E333-8FDC-42A3-9474-1A3956D46DE8}") = "Data", "Data", "{704DC5D3-85B8-4317-B3F7-997408D9AD8F}"
EndProject
Project("{FAE04EC0-301F-11D3-BF4B-00C04F79EFBC}") = "MicroRabbit.Banking.Data", "Microservices\Banking\Data\MicroRabbit.Banking.Data\MicroRabbit.Banking.Data.csproj", "{B270CE83-6C53-443C-A9FA-CEC14DC5A966}"
EndProject
Project("{2150E333-8FDC-42A3-9474-1A3956D46DE8}") = "Application", "Application", "{0B40B377-6ED3-4399-8C79-A98595DD5A7D}"
EndProject
Project("{FAE04EC0-301F-11D3-BF4B-00C04F79EFBC}") = "MicroRabbit.Banking.Application", "Microservices\Banking\Application\MicroRabbit.Banking.Application\MicroRabbit.Banking.Application.csproj", "{E9529D46-F8D5-480B-B745-154B30E9F61D}"
EndProject
Project("{2150E333-8FDC-42A3-9474-1A3956D46DE8}") = "Api", "Api", "{0ECB2D3E-FE64-4CEF-A4E9-15A475A68C44}"
EndProject
Project("{FAE04EC0-301F-11D3-BF4B-00C04F79EFBC}") = "MicroRabbit.Banking.Api", "Microservices\Banking\Api\MicroRabbit.Banking.Api\MicroRabbit.Banking.Api.csproj", "{FDE3C26A-5417-4FC0-AD2F-962D2C8938E3}"
EndProject
Project("{2150E333-8FDC-42A3-9474-1A3956D46DE8}") = "Transfer", "Transfer", "{FD184885-B068-45EF-8EEF-C8784551D323}"
EndProject
Project("{2150E333-8FDC-42A3-9474-1A3956D46DE8}") = "Domain", "Domain", "{6DAD8C97-A096-480C-9E7D-4B46CAFFFE66}"
EndProject
Project("{FAE04EC0-301F-11D3-BF4B-00C04F79EFBC}") = "MicroRabbit.Transfer.Domain", "Microservices\Transfer\Domain\MicroRabbit.Transfer.Domain\MicroRabbit.Transfer.Domain.csproj", "{032EBDB9-AD11-4E59-932A-3428C0F0A9B6}"
EndProject
Project("{2150E333-8FDC-42A3-9474-1A3956D46DE8}") = "Data", "Data", "{429FF143-42D1-410B-B3B4-4B8E8F087C1D}"
EndProject
Project("{FAE04EC0-301F-11D3-BF4B-00C04F79EFBC}") = "MicroRabbit.Transfer.Data", "Microservices\Transfer\Data\MicroRabbit.Transfer.Data\MicroRabbit.Transfer.Data.csproj", "{22FF168E-ACDB-4A12-9739-451713D45FF6}"
EndProject
Project("{2150E333-8FDC-42A3-9474-1A3956D46DE8}") = "Application", "Application", "{E3F9071E-702C-4727-9BA9-AB9B9754D6C6}"
EndProject
Project("{FAE04EC0-301F-11D3-BF4B-00C04F79EFBC}") = "MicroRabbit.Transfer.Application", "Microservices\Transfer\Application\MicroRabbit.Transfer.Application\MicroRabbit.Transfer.Application.csproj", "{2519C552-F361-4411-8664-FFD02EB18B0F}"
EndProject
Project("{2150E333-8FDC-42A3-9474-1A3956D46DE8}") = "Api", "Api", "{EAD83E2B-A02A-4D83-AECE-1D3642D86667}"
EndProject
Project("{FAE04EC0-301F-11D3-BF4B-00C04F79EFBC}") = "MicroRabbit.Transfer.Api", "Microservices\Transfer\Api\MicroRabbit.Transfer.Api\MicroRabbit.Transfer.Api.csproj", "{BCD05ECF-4237-43B5-8448-A47538290248}"
EndProject
Global
	GlobalSection(SolutionConfigurationPlatforms) = preSolution
		Debug|Any CPU = Debug|Any CPU
		Release|Any CPU = Release|Any CPU
	EndGlobalSection
	GlobalSection(SolutionProperties) = preSolution
		HideSolutionNode = FALSE
	EndGlobalSection
	GlobalSection(ProjectConfigurationPlatforms) = postSolution
		{487B9325-427B-4AB1-A201-ADBD4E4556F3}.Debug|Any CPU.ActiveCfg = Debug|Any CPU
		{487B9325-427B-4AB1-A201-ADBD4E4556F3}.Debug|Any CPU.Build.0 = Debug|Any CPU
		{487B9325-427B-4AB1-A201-ADBD4E4556F3}.Release|Any CPU.ActiveCfg = Release|Any CPU
		{487B9325-427B-4AB1-A201-ADBD4E4556F3}.Release|Any CPU.Build.0 = Release|Any CPU
		{537BF375-05E0-4F23-93D3-BBDA676D553A}.Debug|Any CPU.ActiveCfg = Debug|Any CPU
		{537BF375-05E0-4F23-93D3-BBDA676D553A}.Debug|Any CPU.Build.0 = Debug|Any CPU
		{537BF375-05E0-4F23-93D3-BBDA676D553A}.Release|Any CPU.ActiveCfg = Release|Any CPU
		{537BF375-05E0-4F23-93D3-BBDA676D553A}.Release|Any CPU.Build.0 = Release|Any CPU
		{B1B11739-A5B8-4980-B35E-C9B045B31556}.Debug|Any CPU.ActiveCfg = Debug|Any CPU
		{B1B11739-A5B8-4980-B35E-C9B045B31556}.Debug|Any CPU.Build.0 = Debug|Any CPU
		{B1B11739-A5B8-4980-B35E-C9B045B31556}.Release|Any CPU.ActiveCfg = Release|Any CPU
		{B1B11739-A5B8-4980-B35E-C9B045B31556}.Release|Any CPU.Build.0 = Release|Any CPU
		{4872336C-C00F-4A72-B388-EC1520327839}.Debug|Any CPU.ActiveCfg = Debug|Any CPU
		{4872336C-C00F-4A72-B388-EC1520327839}.Debug|Any CPU.Build.0 = Debug|Any CPU
		{4872336C-C00F-4A72-B388-EC1520327839}.Release|Any CPU.ActiveCfg = Release|Any CPU
		{4872336C-C00F-4A72-B388-EC1520327839}.Release|Any CPU.Build.0 = Release|Any CPU
		{B270CE83-6C53-443C-A9FA-CEC14DC5A966}.Debug|Any CPU.ActiveCfg = Debug|Any CPU
		{B270CE83-6C53-443C-A9FA-CEC14DC5A966}.Debug|Any CPU.Build.0 = Debug|Any CPU
		{B270CE83-6C53-443C-A9FA-CEC14DC5A966}.Release|Any CPU.ActiveCfg = Release|Any CPU
		{B270CE83-6C53-443C-A9FA-CEC14DC5A966}.Release|Any CPU.Build.0 = Release|Any CPU
		{E9529D46-F8D5-480B-B745-154B30E9F61D}.Debug|Any CPU.ActiveCfg = Debug|Any CPU
		{E9529D46-F8D5-480B-B745-154B30E9F61D}.Debug|Any CPU.Build.0 = Debug|Any CPU
		{E9529D46-F8D5-480B-B745-154B30E9F61D}.Release|Any CPU.ActiveCfg = Release|Any CPU
		{E9529D46-F8D5-480B-B745-154B30E9F61D}.Release|Any CPU.Build.0 = Release|Any CPU
		{FDE3C26A-5417-4FC0-AD2F-962D2C8938E3}.Debug|Any CPU.ActiveCfg = Debug|Any CPU
		{FDE3C26A-5417-4FC0-AD2F-962D2C8938E3}.Debug|Any CPU.Build.0 = Debug|Any CPU
		{FDE3C26A-5417-4FC0-AD2F-962D2C8938E3}.Release|Any CPU.ActiveCfg = Release|Any CPU
		{FDE3C26A-5417-4FC0-AD2F-962D2C8938E3}.Release|Any CPU.Build.0 = Release|Any CPU
		{032EBDB9-AD11-4E59-932A-3428C0F0A9B6}.Debug|Any CPU.ActiveCfg = Debug|Any CPU
		{032EBDB9-AD11-4E59-932A-3428C0F0A9B6}.Debug|Any CPU.Build.0 = Debug|Any CPU
		{032EBDB9-AD11-4E59-932A-3428C0F0A9B6}.Release|Any CPU.ActiveCfg = Release|Any CPU
		{032EBDB9-AD11-4E59-932A-3428C0F0A9B6}.Release|Any CPU.Build.0 = Release|Any CPU
		{22FF168E-ACDB-4A12-9739-451713D45FF6}.Debug|Any CPU.ActiveCfg = Debug|Any CPU
		{22FF168E-ACDB-4A12-9739-451713D45FF6}.Debug|Any CPU.Build.0 = Debug|Any CPU
		{22FF168E-ACDB-4A12-9739-451713D45FF6}.Release|Any CPU.ActiveCfg = Release|Any CPU
		{22FF168E-ACDB-4A12-9739-451713D45FF6}.Release|Any CPU.Build.0 = Release|Any CPU
		{2519C552-F361-4411-8664-FFD02EB18B0F}.Debug|Any CPU.ActiveCfg = Debug|Any CPU
		{2519C552-F361-4411-8664-FFD02EB18B0F}.Debug|Any CPU.Build.0 = Debug|Any CPU
		{2519C552-F361-4411-8664-FFD02EB18B0F}.Release|Any CPU.ActiveCfg = Release|Any CPU
		{2519C552-F361-4411-8664-FFD02EB18B0F}.Release|Any CPU.Build.0 = Release|Any CPU
		{BCD05ECF-4237-43B5-8448-A47538290248}.Debug|Any CPU.ActiveCfg = Debug|Any CPU
		{BCD05ECF-4237-43B5-8448-A47538290248}.Debug|Any CPU.Build.0 = Debug|Any CPU
		{BCD05ECF-4237-43B5-8448-A47538290248}.Release|Any CPU.ActiveCfg = Release|Any CPU
		{BCD05ECF-4237-43B5-8448-A47538290248}.Release|Any CPU.Build.0 = Release|Any CPU
	EndGlobalSection
	GlobalSection(NestedProjects) = preSolution
		{487B9325-427B-4AB1-A201-ADBD4E4556F3} = {8C0D2F3F-D935-4931-9AFD-1387809C6608}
		{537BF375-05E0-4F23-93D3-BBDA676D553A} = {EE1A6DD6-871D-41E7-BC0F-4BC1DF4A21F8}
		{B1B11739-A5B8-4980-B35E-C9B045B31556} = {36ED27C0-2134-49C2-87B0-0E34F48435B5}
		{267C23EE-B447-44C7-9345-A92B6267BA3C} = {D40075AF-3533-4AEC-8654-163446BE389C}
		{5B73467F-303E-4E23-8D03-4BF14A4A51CD} = {267C23EE-B447-44C7-9345-A92B6267BA3C}
		{4872336C-C00F-4A72-B388-EC1520327839} = {5B73467F-303E-4E23-8D03-4BF14A4A51CD}
		{704DC5D3-85B8-4317-B3F7-997408D9AD8F} = {267C23EE-B447-44C7-9345-A92B6267BA3C}
		{B270CE83-6C53-443C-A9FA-CEC14DC5A966} = {704DC5D3-85B8-4317-B3F7-997408D9AD8F}
		{0B40B377-6ED3-4399-8C79-A98595DD5A7D} = {267C23EE-B447-44C7-9345-A92B6267BA3C}
		{E9529D46-F8D5-480B-B745-154B30E9F61D} = {0B40B377-6ED3-4399-8C79-A98595DD5A7D}
		{0ECB2D3E-FE64-4CEF-A4E9-15A475A68C44} = {267C23EE-B447-44C7-9345-A92B6267BA3C}
		{FDE3C26A-5417-4FC0-AD2F-962D2C8938E3} = {0ECB2D3E-FE64-4CEF-A4E9-15A475A68C44}
		{FD184885-B068-45EF-8EEF-C8784551D323} = {D40075AF-3533-4AEC-8654-163446BE389C}
		{6DAD8C97-A096-480C-9E7D-4B46CAFFFE66} = {FD184885-B068-45EF-8EEF-C8784551D323}
		{032EBDB9-AD11-4E59-932A-3428C0F0A9B6} = {6DAD8C97-A096-480C-9E7D-4B46CAFFFE66}
		{429FF143-42D1-410B-B3B4-4B8E8F087C1D} = {FD184885-B068-45EF-8EEF-C8784551D323}
		{22FF168E-ACDB-4A12-9739-451713D45FF6} = {429FF143-42D1-410B-B3B4-4B8E8F087C1D}
		{E3F9071E-702C-4727-9BA9-AB9B9754D6C6} = {FD184885-B068-45EF-8EEF-C8784551D323}
		{2519C552-F361-4411-8664-FFD02EB18B0F} = {E3F9071E-702C-4727-9BA9-AB9B9754D6C6}
		{EAD83E2B-A02A-4D83-AECE-1D3642D86667} = {FD184885-B068-45EF-8EEF-C8784551D323}
		{BCD05ECF-4237-43B5-8448-A47538290248} = {EAD83E2B-A02A-4D83-AECE-1D3642D86667}
	EndGlobalSection
EndGlobal
