
Microsoft Visual Studio Solution File, Format Version 12.00
# Visual Studio Version 17
VisualStudioVersion = 17.0.31903.59
MinimumVisualStudioVersion = 10.0.40219.1
Project("{FAE04EC0-301F-11D3-BF4B-00C04F79EFBC}") = "Producer", "Producer\Producer.csproj", "{D78D0BE5-DF2B-497F-9ECF-128C15D0C15E}"
EndProject
Project("{FAE04EC0-301F-11D3-BF4B-00C04F79EFBC}") = "Consumer", "Consumer\Consumer.csproj", "{F31C030F-79FE-4167-B42A-F0795FB8A2C0}"
EndProject
Global
	GlobalSection(SolutionConfigurationPlatforms) = preSolution
		Debug|Any CPU = Debug|Any CPU
		Release|Any CPU = Release|Any CPU
	EndGlobalSection
	GlobalSection(SolutionProperties) = preSolution
		HideSolutionNode = FALSE
	EndGlobalSection
	GlobalSection(ProjectConfigurationPlatforms) = postSolution
		{D78D0BE5-DF2B-497F-9ECF-128C15D0C15E}.Debug|Any CPU.ActiveCfg = Debug|Any CPU
		{D78D0BE5-DF2B-497F-9ECF-128C15D0C15E}.Debug|Any CPU.Build.0 = Debug|Any CPU
		{D78D0BE5-DF2B-497F-9ECF-128C15D0C15E}.Release|Any CPU.ActiveCfg = Release|Any CPU
		{D78D0BE5-DF2B-497F-9ECF-128C15D0C15E}.Release|Any CPU.Build.0 = Release|Any CPU
		{F31C030F-79FE-4167-B42A-F0795FB8A2C0}.Debug|Any CPU.ActiveCfg = Debug|Any CPU
		{F31C030F-79FE-4167-B42A-F0795FB8A2C0}.Debug|Any CPU.Build.0 = Debug|Any CPU
		{F31C030F-79FE-4167-B42A-F0795FB8A2C0}.Release|Any CPU.ActiveCfg = Release|Any CPU
		{F31C030F-79FE-4167-B42A-F0795FB8A2C0}.Release|Any CPU.Build.0 = Release|Any CPU
	EndGlobalSection
EndGlobal
